
Microsoft Visual Studio Solution File, Format Version 12.00
# Visual Studio 15
VisualStudioVersion = 15.0.27428.2015
MinimumVisualStudioVersion = 10.0.40219.1
Project("{FAE04EC0-301F-11D3-BF4B-00C04F79EFBC}") = "Hareketliİmlec", "Hareketliİmlec\Hareketliİmlec.csproj", "{C90F983D-05E8-4D7E-B065-4090B766021E}"
EndProject
Global
	GlobalSection(SolutionConfigurationPlatforms) = preSolution
		Debug|Any CPU = Debug|Any CPU
		Release|Any CPU = Release|Any CPU
	EndGlobalSection
	GlobalSection(ProjectConfigurationPlatforms) = postSolution
		{C90F983D-05E8-4D7E-B065-4090B766021E}.Debug|Any CPU.ActiveCfg = Debug|Any CPU
		{C90F983D-05E8-4D7E-B065-4090B766021E}.Debug|Any CPU.Build.0 = Debug|Any CPU
		{C90F983D-05E8-4D7E-B065-4090B766021E}.Release|Any CPU.ActiveCfg = Release|Any CPU
		{C90F983D-05E8-4D7E-B065-4090B766021E}.Release|Any CPU.Build.0 = Release|Any CPU
	EndGlobalSection
	GlobalSection(SolutionProperties) = preSolution
		HideSolutionNode = FALSE
	EndGlobalSection
	GlobalSection(ExtensibilityGlobals) = postSolution
		SolutionGuid = {C0D21019-B10D-4B19-9FFD-B9B31FC9F071}
	EndGlobalSection
EndGlobal
